
Microsoft Visual Studio Solution File, Format Version 12.00
Project("{FAE04EC0-301F-11D3-BF4B-00C04F79EFBC}") = "SfPopupBug", "SfPopupBug\SfPopupBug.csproj", "{2E6CAA49-9143-4A5D-98B2-8D46137CC0D2}"
EndProject
Global
	GlobalSection(SolutionConfigurationPlatforms) = preSolution
		Debug|Any CPU = Debug|Any CPU
		Release|Any CPU = Release|Any CPU
	EndGlobalSection
	GlobalSection(ProjectConfigurationPlatforms) = postSolution
		{2E6CAA49-9143-4A5D-98B2-8D46137CC0D2}.Debug|Any CPU.ActiveCfg = Debug|Any CPU
		{2E6CAA49-9143-4A5D-98B2-8D46137CC0D2}.Debug|Any CPU.Build.0 = Debug|Any CPU
		{2E6CAA49-9143-4A5D-98B2-8D46137CC0D2}.Release|Any CPU.ActiveCfg = Release|Any CPU
		{2E6CAA49-9143-4A5D-98B2-8D46137CC0D2}.Release|Any CPU.Build.0 = Release|Any CPU
	EndGlobalSection
EndGlobal
