
Microsoft Visual Studio Solution File, Format Version 12.00
# Visual Studio Version 16
VisualStudioVersion = 25.0.1706.6
MinimumVisualStudioVersion = 10.0.40219.1
Project("{FAE04EC0-301F-11D3-BF4B-00C04F79EFBC}") = "ButtonImageSource", "ButtonImageSource\ButtonImageSource.csproj", "{5CDB4041-0D33-4AAF-96A4-9302B801B36A}"
EndProject
Global
	GlobalSection(SolutionConfigurationPlatforms) = preSolution
		Debug|Any CPU = Debug|Any CPU
		Release|Any CPU = Release|Any CPU
	EndGlobalSection
	GlobalSection(ProjectConfigurationPlatforms) = postSolution
		{5CDB4041-0D33-4AAF-96A4-9302B801B36A}.Debug|Any CPU.ActiveCfg = Debug|Any CPU
		{5CDB4041-0D33-4AAF-96A4-9302B801B36A}.Debug|Any CPU.Build.0 = Debug|Any CPU
		{5CDB4041-0D33-4AAF-96A4-9302B801B36A}.Release|Any CPU.ActiveCfg = Release|Any CPU
		{5CDB4041-0D33-4AAF-96A4-9302B801B36A}.Release|Any CPU.Build.0 = Release|Any CPU
	EndGlobalSection
	GlobalSection(SolutionProperties) = preSolution
		HideSolutionNode = FALSE
	EndGlobalSection
	GlobalSection(ExtensibilityGlobals) = postSolution
		SolutionGuid = {E2D46FDD-F934-478C-9198-CA85066A3A6E}
	EndGlobalSection
EndGlobal
